// !$*UTF8*$!
{
	archiveVersion = 1;
	classes = {
	};
	objectVersion = 55;
	objects = {

/* Begin PBXBuildFile section */
		07719D2E294C42530039707A /* WelcomePage.swift in Sources */ = {isa = PBXBuildFile; fileRef = 07719D2D294C42530039707A /* WelcomePage.swift */; };
		07719D30294C428A0039707A /* logIN.swift in Sources */ = {isa = PBXBuildFile; fileRef = 07719D2F294C428A0039707A /* logIN.swift */; };
		07719D32294C42B20039707A /* SignUP.swift in Sources */ = {isa = PBXBuildFile; fileRef = 07719D31294C42B20039707A /* SignUP.swift */; };
		07A4682D294F0E60000A9B6A /* ResetPassword.swift in Sources */ = {isa = PBXBuildFile; fileRef = 07A4682C294F0E60000A9B6A /* ResetPassword.swift */; };
		07E0992129520C0500BE248A /* UserType.swift in Sources */ = {isa = PBXBuildFile; fileRef = 07E0992029520C0500BE248A /* UserType.swift */; };
		1D33B3B1294575E500D5BD45 /* AkmelhaApp.swift in Sources */ = {isa = PBXBuildFile; fileRef = 1D33B3B0294575E500D5BD45 /* AkmelhaApp.swift */; };
		1D33B3B5294575E800D5BD45 /* Assets.xcassets in Resources */ = {isa = PBXBuildFile; fileRef = 1D33B3B4294575E800D5BD45 /* Assets.xcassets */; };
		1D33B3B8294575E800D5BD45 /* Preview Assets.xcassets in Resources */ = {isa = PBXBuildFile; fileRef = 1D33B3B7294575E800D5BD45 /* Preview Assets.xcassets */; };
		1D33B3C12945765000D5BD45 /* TeacherTabBar.swift in Sources */ = {isa = PBXBuildFile; fileRef = 1D33B3C02945765000D5BD45 /* TeacherTabBar.swift */; };
		1D33B3C32945766600D5BD45 /* TeacherSubjects.swift in Sources */ = {isa = PBXBuildFile; fileRef = 1D33B3C22945766600D5BD45 /* TeacherSubjects.swift */; };
		1D33B3C52945767700D5BD45 /* TeacherCalendar.swift in Sources */ = {isa = PBXBuildFile; fileRef = 1D33B3C42945767700D5BD45 /* TeacherCalendar.swift */; };
		1D33B3C72945768100D5BD45 /* TeacherCards.swift in Sources */ = {isa = PBXBuildFile; fileRef = 1D33B3C62945768100D5BD45 /* TeacherCards.swift */; };
		1D33B3C9294576D500D5BD45 /* InsideTeacherSubject.swift in Sources */ = {isa = PBXBuildFile; fileRef = 1D33B3C8294576D500D5BD45 /* InsideTeacherSubject.swift */; };
		1D33B3CB294576EB00D5BD45 /* TeacherTasks.swift in Sources */ = {isa = PBXBuildFile; fileRef = 1D33B3CA294576EB00D5BD45 /* TeacherTasks.swift */; };
		1D33B3CD294576F600D5BD45 /* TeacherReviews.swift in Sources */ = {isa = PBXBuildFile; fileRef = 1D33B3CC294576F600D5BD45 /* TeacherReviews.swift */; };
		1D33B3CF2945770C00D5BD45 /* AboutTeacherSubject.swift in Sources */ = {isa = PBXBuildFile; fileRef = 1D33B3CE2945770C00D5BD45 /* AboutTeacherSubject.swift */; };
		1D33B3D12945773600D5BD45 /* TextView.swift in Sources */ = {isa = PBXBuildFile; fileRef = 1D33B3D02945773600D5BD45 /* TextView.swift */; };
		1D33B3D32945774200D5BD45 /* PickerView.swift in Sources */ = {isa = PBXBuildFile; fileRef = 1D33B3D22945774200D5BD45 /* PickerView.swift */; };
		1DD94C49294E287100AD8AC0 /* CourseTask.swift in Sources */ = {isa = PBXBuildFile; fileRef = 1DD94C48294E287100AD8AC0 /* CourseTask.swift */; };
		1DD94C4B294E289200AD8AC0 /* Course.swift in Sources */ = {isa = PBXBuildFile; fileRef = 1DD94C4A294E289200AD8AC0 /* Course.swift */; };
		1DD94C4D294E28AA00AD8AC0 /* Event.swift in Sources */ = {isa = PBXBuildFile; fileRef = 1DD94C4C294E28AA00AD8AC0 /* Event.swift */; };
		1DD94C4F294E28C200AD8AC0 /* CardScore.swift in Sources */ = {isa = PBXBuildFile; fileRef = 1DD94C4E294E28C200AD8AC0 /* CardScore.swift */; };
		1DD94C52294E28FB00AD8AC0 /* CourseTaskDB.swift in Sources */ = {isa = PBXBuildFile; fileRef = 1DD94C51294E28FB00AD8AC0 /* CourseTaskDB.swift */; };
		1DD94C54294E291600AD8AC0 /* CourseDB.swift in Sources */ = {isa = PBXBuildFile; fileRef = 1DD94C53294E291600AD8AC0 /* CourseDB.swift */; };
		1DD94C56294E293300AD8AC0 /* EventDB.swift in Sources */ = {isa = PBXBuildFile; fileRef = 1DD94C55294E293300AD8AC0 /* EventDB.swift */; };
		1DD94C58294E298500AD8AC0 /* GoogleService-Info.plist in Resources */ = {isa = PBXBuildFile; fileRef = 1DD94C57294E298500AD8AC0 /* GoogleService-Info.plist */; };
		1DD94C5B294E2A4B00AD8AC0 /* FirebaseAuth in Frameworks */ = {isa = PBXBuildFile; productRef = 1DD94C5A294E2A4B00AD8AC0 /* FirebaseAuth */; };
		1DD94C5D294E2A4B00AD8AC0 /* FirebaseAuthCombine-Community in Frameworks */ = {isa = PBXBuildFile; productRef = 1DD94C5C294E2A4B00AD8AC0 /* FirebaseAuthCombine-Community */; };
		1DD94C5F294E2A4B00AD8AC0 /* FirebaseDatabase in Frameworks */ = {isa = PBXBuildFile; productRef = 1DD94C5E294E2A4B00AD8AC0 /* FirebaseDatabase */; };
		1DD94C61294E2A4B00AD8AC0 /* FirebaseDatabaseSwift in Frameworks */ = {isa = PBXBuildFile; productRef = 1DD94C60294E2A4B00AD8AC0 /* FirebaseDatabaseSwift */; };
		1DD94C63294E2A4B00AD8AC0 /* FirebaseFirestore in Frameworks */ = {isa = PBXBuildFile; productRef = 1DD94C62294E2A4B00AD8AC0 /* FirebaseFirestore */; };
		1DD94C65294E2A4B00AD8AC0 /* FirebaseFirestoreCombine-Community in Frameworks */ = {isa = PBXBuildFile; productRef = 1DD94C64294E2A4B00AD8AC0 /* FirebaseFirestoreCombine-Community */; };
		1DD94C67294E2A4B00AD8AC0 /* FirebaseFirestoreSwift in Frameworks */ = {isa = PBXBuildFile; productRef = 1DD94C66294E2A4B00AD8AC0 /* FirebaseFirestoreSwift */; };
		1DD94C69294E2A4B00AD8AC0 /* FirebaseFunctions in Frameworks */ = {isa = PBXBuildFile; productRef = 1DD94C68294E2A4B00AD8AC0 /* FirebaseFunctions */; };
		1DD94C6B294E2A4B00AD8AC0 /* FirebaseStorage in Frameworks */ = {isa = PBXBuildFile; productRef = 1DD94C6A294E2A4B00AD8AC0 /* FirebaseStorage */; };
		1DD94C6D294E346400AD8AC0 /* SwiftUIView.swift in Sources */ = {isa = PBXBuildFile; fileRef = 1DD94C6C294E346400AD8AC0 /* SwiftUIView.swift */; };
		5B05D70E2950BCE5004BE379 /* subjectList.swift in Sources */ = {isa = PBXBuildFile; fileRef = 5B05D70D2950BCE5004BE379 /* subjectList.swift */; };
		5B05D7112950E3B6004BE379 /* StudentTabBar.swift in Sources */ = {isa = PBXBuildFile; fileRef = 5B05D7102950E3B6004BE379 /* StudentTabBar.swift */; };
		5B05D7172950E683004BE379 /* StudentGameView.swift in Sources */ = {isa = PBXBuildFile; fileRef = 5B05D7162950E683004BE379 /* StudentGameView.swift */; };
		5B05D7192950E6BE004BE379 /* StudentCalendarView.swift in Sources */ = {isa = PBXBuildFile; fileRef = 5B05D7182950E6BE004BE379 /* StudentCalendarView.swift */; };
		5B05D71B2950E6DC004BE379 /* StudentCourseView.swift in Sources */ = {isa = PBXBuildFile; fileRef = 5B05D71A2950E6DC004BE379 /* StudentCourseView.swift */; };
		5B05D71D2950E6F6004BE379 /* StudentTaskView.swift in Sources */ = {isa = PBXBuildFile; fileRef = 5B05D71C2950E6F6004BE379 /* StudentTaskView.swift */; };
		5B05D71F2950EF43004BE379 /* TeacherProfile.swift in Sources */ = {isa = PBXBuildFile; fileRef = 5B05D71E2950EF43004BE379 /* TeacherProfile.swift */; };
		5B05D7232950F898004BE379 /* EventListStudent.swift in Sources */ = {isa = PBXBuildFile; fileRef = 5B05D7222950F898004BE379 /* EventListStudent.swift */; };
		5B05D7252950F9E2004BE379 /* DaysEventStudent.swift in Sources */ = {isa = PBXBuildFile; fileRef = 5B05D7242950F9E2004BE379 /* DaysEventStudent.swift */; };
		5B59C76029522BC100F33DB0 /* insideTeacherReviews.swift in Sources */ = {isa = PBXBuildFile; fileRef = 5B59C75F29522BC100F33DB0 /* insideTeacherReviews.swift */; };
		5B59C762295257D100F33DB0 /* TaskStatus.swift in Sources */ = {isa = PBXBuildFile; fileRef = 5B59C761295257D100F33DB0 /* TaskStatus.swift */; };
		5BDEE08F294E62AE006122DB /* Date.swift in Sources */ = {isa = PBXBuildFile; fileRef = 5BDEE08E294E62AE006122DB /* Date.swift */; };
		5BDEE097294E6367006122DB /* calendarView.swift in Sources */ = {isa = PBXBuildFile; fileRef = 5BDEE096294E6367006122DB /* calendarView.swift */; };
		5BDEE099294E63AB006122DB /* EventList.swift in Sources */ = {isa = PBXBuildFile; fileRef = 5BDEE098294E63AB006122DB /* EventList.swift */; };
		5BDEE09B294E63CF006122DB /* DaysEvent.swift in Sources */ = {isa = PBXBuildFile; fileRef = 5BDEE09A294E63CF006122DB /* DaysEvent.swift */; };
		95923A1C2951BC7E00385ABA /* StudentProfile.swift in Sources */ = {isa = PBXBuildFile; fileRef = 95923A1B2951BC7E00385ABA /* StudentProfile.swift */; };
/* End PBXBuildFile section */

/* Begin PBXFileReference section */
		07719D2D294C42530039707A /* WelcomePage.swift */ = {isa = PBXFileReference; lastKnownFileType = sourcecode.swift; path = WelcomePage.swift; sourceTree = "<group>"; };
		07719D2F294C428A0039707A /* logIN.swift */ = {isa = PBXFileReference; lastKnownFileType = sourcecode.swift; path = logIN.swift; sourceTree = "<group>"; };
		07719D31294C42B20039707A /* SignUP.swift */ = {isa = PBXFileReference; lastKnownFileType = sourcecode.swift; path = SignUP.swift; sourceTree = "<group>"; };
		07A4682C294F0E60000A9B6A /* ResetPassword.swift */ = {isa = PBXFileReference; lastKnownFileType = sourcecode.swift; path = ResetPassword.swift; sourceTree = "<group>"; };
		07E0992029520C0500BE248A /* UserType.swift */ = {isa = PBXFileReference; lastKnownFileType = sourcecode.swift; path = UserType.swift; sourceTree = "<group>"; };
		1D33B3AD294575E500D5BD45 /* Akmelha.app */ = {isa = PBXFileReference; explicitFileType = wrapper.application; includeInIndex = 0; path = Akmelha.app; sourceTree = BUILT_PRODUCTS_DIR; };
		1D33B3B0294575E500D5BD45 /* AkmelhaApp.swift */ = {isa = PBXFileReference; lastKnownFileType = sourcecode.swift; path = AkmelhaApp.swift; sourceTree = "<group>"; };
		1D33B3B4294575E800D5BD45 /* Assets.xcassets */ = {isa = PBXFileReference; lastKnownFileType = folder.assetcatalog; path = Assets.xcassets; sourceTree = "<group>"; };
		1D33B3B7294575E800D5BD45 /* Preview Assets.xcassets */ = {isa = PBXFileReference; lastKnownFileType = folder.assetcatalog; path = "Preview Assets.xcassets"; sourceTree = "<group>"; };
		1D33B3C02945765000D5BD45 /* TeacherTabBar.swift */ = {isa = PBXFileReference; lastKnownFileType = sourcecode.swift; path = TeacherTabBar.swift; sourceTree = "<group>"; };
		1D33B3C22945766600D5BD45 /* TeacherSubjects.swift */ = {isa = PBXFileReference; lastKnownFileType = sourcecode.swift; path = TeacherSubjects.swift; sourceTree = "<group>"; };
		1D33B3C42945767700D5BD45 /* TeacherCalendar.swift */ = {isa = PBXFileReference; lastKnownFileType = sourcecode.swift; path = TeacherCalendar.swift; sourceTree = "<group>"; };
		1D33B3C62945768100D5BD45 /* TeacherCards.swift */ = {isa = PBXFileReference; lastKnownFileType = sourcecode.swift; path = TeacherCards.swift; sourceTree = "<group>"; };
		1D33B3C8294576D500D5BD45 /* InsideTeacherSubject.swift */ = {isa = PBXFileReference; lastKnownFileType = sourcecode.swift; path = InsideTeacherSubject.swift; sourceTree = "<group>"; };
		1D33B3CA294576EB00D5BD45 /* TeacherTasks.swift */ = {isa = PBXFileReference; lastKnownFileType = sourcecode.swift; path = TeacherTasks.swift; sourceTree = "<group>"; };
		1D33B3CC294576F600D5BD45 /* TeacherReviews.swift */ = {isa = PBXFileReference; lastKnownFileType = sourcecode.swift; path = TeacherReviews.swift; sourceTree = "<group>"; };
		1D33B3CE2945770C00D5BD45 /* AboutTeacherSubject.swift */ = {isa = PBXFileReference; lastKnownFileType = sourcecode.swift; path = AboutTeacherSubject.swift; sourceTree = "<group>"; };
		1D33B3D02945773600D5BD45 /* TextView.swift */ = {isa = PBXFileReference; lastKnownFileType = sourcecode.swift; path = TextView.swift; sourceTree = "<group>"; };
		1D33B3D22945774200D5BD45 /* PickerView.swift */ = {isa = PBXFileReference; lastKnownFileType = sourcecode.swift; path = PickerView.swift; sourceTree = "<group>"; };
		1DD94C48294E287100AD8AC0 /* CourseTask.swift */ = {isa = PBXFileReference; lastKnownFileType = sourcecode.swift; path = CourseTask.swift; sourceTree = "<group>"; };
		1DD94C4A294E289200AD8AC0 /* Course.swift */ = {isa = PBXFileReference; lastKnownFileType = sourcecode.swift; path = Course.swift; sourceTree = "<group>"; };
		1DD94C4C294E28AA00AD8AC0 /* Event.swift */ = {isa = PBXFileReference; lastKnownFileType = sourcecode.swift; path = Event.swift; sourceTree = "<group>"; };
		1DD94C4E294E28C200AD8AC0 /* CardScore.swift */ = {isa = PBXFileReference; lastKnownFileType = sourcecode.swift; path = CardScore.swift; sourceTree = "<group>"; };
		1DD94C51294E28FB00AD8AC0 /* CourseTaskDB.swift */ = {isa = PBXFileReference; lastKnownFileType = sourcecode.swift; path = CourseTaskDB.swift; sourceTree = "<group>"; };
		1DD94C53294E291600AD8AC0 /* CourseDB.swift */ = {isa = PBXFileReference; lastKnownFileType = sourcecode.swift; path = CourseDB.swift; sourceTree = "<group>"; };
		1DD94C55294E293300AD8AC0 /* EventDB.swift */ = {isa = PBXFileReference; lastKnownFileType = sourcecode.swift; path = EventDB.swift; sourceTree = "<group>"; };
		1DD94C57294E298500AD8AC0 /* GoogleService-Info.plist */ = {isa = PBXFileReference; fileEncoding = 4; lastKnownFileType = text.plist.xml; path = "GoogleService-Info.plist"; sourceTree = "<group>"; };
		1DD94C6C294E346400AD8AC0 /* SwiftUIView.swift */ = {isa = PBXFileReference; lastKnownFileType = sourcecode.swift; path = SwiftUIView.swift; sourceTree = "<group>"; };
		5B05D70D2950BCE5004BE379 /* subjectList.swift */ = {isa = PBXFileReference; lastKnownFileType = sourcecode.swift; path = subjectList.swift; sourceTree = "<group>"; };
		5B05D7102950E3B6004BE379 /* StudentTabBar.swift */ = {isa = PBXFileReference; lastKnownFileType = sourcecode.swift; path = StudentTabBar.swift; sourceTree = "<group>"; };
		5B05D7162950E683004BE379 /* StudentGameView.swift */ = {isa = PBXFileReference; lastKnownFileType = sourcecode.swift; path = StudentGameView.swift; sourceTree = "<group>"; };
		5B05D7182950E6BE004BE379 /* StudentCalendarView.swift */ = {isa = PBXFileReference; lastKnownFileType = sourcecode.swift; path = StudentCalendarView.swift; sourceTree = "<group>"; };
		5B05D71A2950E6DC004BE379 /* StudentCourseView.swift */ = {isa = PBXFileReference; lastKnownFileType = sourcecode.swift; path = StudentCourseView.swift; sourceTree = "<group>"; };
		5B05D71C2950E6F6004BE379 /* StudentTaskView.swift */ = {isa = PBXFileReference; lastKnownFileType = sourcecode.swift; path = StudentTaskView.swift; sourceTree = "<group>"; };
		5B05D71E2950EF43004BE379 /* TeacherProfile.swift */ = {isa = PBXFileReference; lastKnownFileType = sourcecode.swift; path = TeacherProfile.swift; sourceTree = "<group>"; };
		5B05D7222950F898004BE379 /* EventListStudent.swift */ = {isa = PBXFileReference; lastKnownFileType = sourcecode.swift; path = EventListStudent.swift; sourceTree = "<group>"; };
		5B05D7242950F9E2004BE379 /* DaysEventStudent.swift */ = {isa = PBXFileReference; lastKnownFileType = sourcecode.swift; path = DaysEventStudent.swift; sourceTree = "<group>"; };
		5B59C75F29522BC100F33DB0 /* insideTeacherReviews.swift */ = {isa = PBXFileReference; lastKnownFileType = sourcecode.swift; path = insideTeacherReviews.swift; sourceTree = "<group>"; };
		5B59C761295257D100F33DB0 /* TaskStatus.swift */ = {isa = PBXFileReference; lastKnownFileType = sourcecode.swift; path = TaskStatus.swift; sourceTree = "<group>"; };
		5BDEE08E294E62AE006122DB /* Date.swift */ = {isa = PBXFileReference; lastKnownFileType = sourcecode.swift; path = Date.swift; sourceTree = "<group>"; };
		5BDEE096294E6367006122DB /* calendarView.swift */ = {isa = PBXFileReference; lastKnownFileType = sourcecode.swift; path = calendarView.swift; sourceTree = "<group>"; };
		5BDEE098294E63AB006122DB /* EventList.swift */ = {isa = PBXFileReference; lastKnownFileType = sourcecode.swift; path = EventList.swift; sourceTree = "<group>"; };
		5BDEE09A294E63CF006122DB /* DaysEvent.swift */ = {isa = PBXFileReference; lastKnownFileType = sourcecode.swift; path = DaysEvent.swift; sourceTree = "<group>"; };
		95923A1B2951BC7E00385ABA /* StudentProfile.swift */ = {isa = PBXFileReference; lastKnownFileType = sourcecode.swift; path = StudentProfile.swift; sourceTree = "<group>"; };
/* End PBXFileReference section */

/* Begin PBXFrameworksBuildPhase section */
		1D33B3AA294575E500D5BD45 /* Frameworks */ = {
			isa = PBXFrameworksBuildPhase;
			buildActionMask = 2147483647;
			files = (
				1DD94C61294E2A4B00AD8AC0 /* FirebaseDatabaseSwift in Frameworks */,
				1DD94C5F294E2A4B00AD8AC0 /* FirebaseDatabase in Frameworks */,
				1DD94C6B294E2A4B00AD8AC0 /* FirebaseStorage in Frameworks */,
				1DD94C5B294E2A4B00AD8AC0 /* FirebaseAuth in Frameworks */,
				1DD94C69294E2A4B00AD8AC0 /* FirebaseFunctions in Frameworks */,
				1DD94C67294E2A4B00AD8AC0 /* FirebaseFirestoreSwift in Frameworks */,
				1DD94C65294E2A4B00AD8AC0 /* FirebaseFirestoreCombine-Community in Frameworks */,
				1DD94C63294E2A4B00AD8AC0 /* FirebaseFirestore in Frameworks */,
				1DD94C5D294E2A4B00AD8AC0 /* FirebaseAuthCombine-Community in Frameworks */,
			);
			runOnlyForDeploymentPostprocessing = 0;
		};
/* End PBXFrameworksBuildPhase section */

/* Begin PBXGroup section */
		07719D2C294C415E0039707A /* Registration pages */ = {
			isa = PBXGroup;
			children = (
				07E0992029520C0500BE248A /* UserType.swift */,
				07719D2D294C42530039707A /* WelcomePage.swift */,
				07719D2F294C428A0039707A /* logIN.swift */,
				07719D31294C42B20039707A /* SignUP.swift */,
				07A4682C294F0E60000A9B6A /* ResetPassword.swift */,
				1DD94C6C294E346400AD8AC0 /* SwiftUIView.swift */,
			);
			path = "Registration pages";
			sourceTree = "<group>";
		};
		1D33B3A4294575E500D5BD45 = {
			isa = PBXGroup;
			children = (
				1D33B3AF294575E500D5BD45 /* Akmelha */,
				1D33B3AE294575E500D5BD45 /* Products */,
			);
			sourceTree = "<group>";
		};
		1D33B3AE294575E500D5BD45 /* Products */ = {
			isa = PBXGroup;
			children = (
				1D33B3AD294575E500D5BD45 /* Akmelha.app */,
			);
			name = Products;
			sourceTree = "<group>";
		};
		1D33B3AF294575E500D5BD45 /* Akmelha */ = {
			isa = PBXGroup;
			children = (
				1D33B3B0294575E500D5BD45 /* AkmelhaApp.swift */,
				5B05D70F2950E357004BE379 /* Student */,
				07719D2C294C415E0039707A /* Registration pages */,
				1D33B3D52945790E00D5BD45 /* Teacher */,
				1DD94C47294E284B00AD8AC0 /* Database */,
				1D33B3D4294577FC00D5BD45 /* Extensions */,
				1D33B3B4294575E800D5BD45 /* Assets.xcassets */,
				1D33B3B6294575E800D5BD45 /* Preview Content */,
			);
			path = Akmelha;
			sourceTree = "<group>";
		};
		1D33B3B6294575E800D5BD45 /* Preview Content */ = {
			isa = PBXGroup;
			children = (
				1D33B3B7294575E800D5BD45 /* Preview Assets.xcassets */,
			);
			path = "Preview Content";
			sourceTree = "<group>";
		};
		1D33B3D4294577FC00D5BD45 /* Extensions */ = {
			isa = PBXGroup;
			children = (
				1D33B3D02945773600D5BD45 /* TextView.swift */,
				1D33B3D22945774200D5BD45 /* PickerView.swift */,
				5BDEE08E294E62AE006122DB /* Date.swift */,
			);
			path = Extensions;
			sourceTree = "<group>";
		};
		1D33B3D52945790E00D5BD45 /* Teacher */ = {
			isa = PBXGroup;
			children = (
				1D33B3C02945765000D5BD45 /* TeacherTabBar.swift */,
				1D33B3D62945793500D5BD45 /* TecherSubjectsTab */,
				1D33B3D82945798100D5BD45 /* TeacherCardsTab */,
				5B05D71E2950EF43004BE379 /* TeacherProfile.swift */,
			);
			path = Teacher;
			sourceTree = "<group>";
		};
		1D33B3D62945793500D5BD45 /* TecherSubjectsTab */ = {
			isa = PBXGroup;
			children = (
				1D33B3D72945795800D5BD45 /* TeacherCalendarTab */,
				1D33B3C22945766600D5BD45 /* TeacherSubjects.swift */,
				1D33B3C8294576D500D5BD45 /* InsideTeacherSubject.swift */,
				1D33B3CA294576EB00D5BD45 /* TeacherTasks.swift */,
				1D33B3CC294576F600D5BD45 /* TeacherReviews.swift */,
				5B59C75F29522BC100F33DB0 /* insideTeacherReviews.swift */,
				1D33B3CE2945770C00D5BD45 /* AboutTeacherSubject.swift */,
				5B05D70D2950BCE5004BE379 /* subjectList.swift */,
				5B59C761295257D100F33DB0 /* TaskStatus.swift */,
			);
			path = TecherSubjectsTab;
			sourceTree = "<group>";
		};
		1D33B3D72945795800D5BD45 /* TeacherCalendarTab */ = {
			isa = PBXGroup;
			children = (
				1D33B3C42945767700D5BD45 /* TeacherCalendar.swift */,
				5BDEE096294E6367006122DB /* calendarView.swift */,
				5BDEE098294E63AB006122DB /* EventList.swift */,
				5BDEE09A294E63CF006122DB /* DaysEvent.swift */,
			);
			path = TeacherCalendarTab;
			sourceTree = "<group>";
		};
		1D33B3D82945798100D5BD45 /* TeacherCardsTab */ = {
			isa = PBXGroup;
			children = (
				1D33B3C62945768100D5BD45 /* TeacherCards.swift */,
			);
			path = TeacherCardsTab;
			sourceTree = "<group>";
		};
		1DD94C47294E284B00AD8AC0 /* Database */ = {
			isa = PBXGroup;
			children = (
				1DD94C48294E287100AD8AC0 /* CourseTask.swift */,
				1DD94C4A294E289200AD8AC0 /* Course.swift */,
				1DD94C4C294E28AA00AD8AC0 /* Event.swift */,
				1DD94C4E294E28C200AD8AC0 /* CardScore.swift */,
				1DD94C50294E28D900AD8AC0 /* Firebase */,
			);
			path = Database;
			sourceTree = "<group>";
		};
		1DD94C50294E28D900AD8AC0 /* Firebase */ = {
			isa = PBXGroup;
			children = (
				1DD94C57294E298500AD8AC0 /* GoogleService-Info.plist */,
				1DD94C51294E28FB00AD8AC0 /* CourseTaskDB.swift */,
				1DD94C53294E291600AD8AC0 /* CourseDB.swift */,
				1DD94C55294E293300AD8AC0 /* EventDB.swift */,
			);
			path = Firebase;
			sourceTree = "<group>";
		};
		5B05D70F2950E357004BE379 /* Student */ = {
			isa = PBXGroup;
			children = (
				5B05D7152950E63D004BE379 /* StudentGame */,
				5B05D7142950E61C004BE379 /* StudentCalendar */,
				5B05D7132950E57D004BE379 /* StudentCourse */,
				5B05D7122950E553004BE379 /* StudentTask */,
				5B05D7102950E3B6004BE379 /* StudentTabBar.swift */,
				95923A1B2951BC7E00385ABA /* StudentProfile.swift */,
			);
			path = Student;
			sourceTree = "<group>";
		};
		5B05D7122950E553004BE379 /* StudentTask */ = {
			isa = PBXGroup;
			children = (
				5B05D71C2950E6F6004BE379 /* StudentTaskView.swift */,
			);
			path = StudentTask;
			sourceTree = "<group>";
		};
		5B05D7132950E57D004BE379 /* StudentCourse */ = {
			isa = PBXGroup;
			children = (
				5B05D71A2950E6DC004BE379 /* StudentCourseView.swift */,
			);
			path = StudentCourse;
			sourceTree = "<group>";
		};
		5B05D7142950E61C004BE379 /* StudentCalendar */ = {
			isa = PBXGroup;
			children = (
				5B05D7182950E6BE004BE379 /* StudentCalendarView.swift */,
				5B05D7222950F898004BE379 /* EventListStudent.swift */,
				5B05D7242950F9E2004BE379 /* DaysEventStudent.swift */,
			);
			path = StudentCalendar;
			sourceTree = "<group>";
		};
		5B05D7152950E63D004BE379 /* StudentGame */ = {
			isa = PBXGroup;
			children = (
				5B05D7162950E683004BE379 /* StudentGameView.swift */,
			);
			path = StudentGame;
			sourceTree = "<group>";
		};
/* End PBXGroup section */

/* Begin PBXNativeTarget section */
		1D33B3AC294575E500D5BD45 /* Akmelha */ = {
			isa = PBXNativeTarget;
			buildConfigurationList = 1D33B3BB294575E800D5BD45 /* Build configuration list for PBXNativeTarget "Akmelha" */;
			buildPhases = (
				1D33B3A9294575E500D5BD45 /* Sources */,
				1D33B3AA294575E500D5BD45 /* Frameworks */,
				1D33B3AB294575E500D5BD45 /* Resources */,
			);
			buildRules = (
			);
			dependencies = (
			);
			name = Akmelha;
			packageProductDependencies = (
				1DD94C5A294E2A4B00AD8AC0 /* FirebaseAuth */,
				1DD94C5C294E2A4B00AD8AC0 /* FirebaseAuthCombine-Community */,
				1DD94C5E294E2A4B00AD8AC0 /* FirebaseDatabase */,
				1DD94C60294E2A4B00AD8AC0 /* FirebaseDatabaseSwift */,
				1DD94C62294E2A4B00AD8AC0 /* FirebaseFirestore */,
				1DD94C64294E2A4B00AD8AC0 /* FirebaseFirestoreCombine-Community */,
				1DD94C66294E2A4B00AD8AC0 /* FirebaseFirestoreSwift */,
				1DD94C68294E2A4B00AD8AC0 /* FirebaseFunctions */,
				1DD94C6A294E2A4B00AD8AC0 /* FirebaseStorage */,
			);
			productName = Akmelha;
			productReference = 1D33B3AD294575E500D5BD45 /* Akmelha.app */;
			productType = "com.apple.product-type.application";
		};
/* End PBXNativeTarget section */

/* Begin PBXProject section */
		1D33B3A5294575E500D5BD45 /* Project object */ = {
			isa = PBXProject;
			attributes = {
				BuildIndependentTargetsInParallel = 1;
				LastSwiftUpdateCheck = 1320;
				LastUpgradeCheck = 1320;
				TargetAttributes = {
					1D33B3AC294575E500D5BD45 = {
						CreatedOnToolsVersion = 13.2.1;
					};
				};
			};
			buildConfigurationList = 1D33B3A8294575E500D5BD45 /* Build configuration list for PBXProject "Akmelha" */;
			compatibilityVersion = "Xcode 13.0";
			developmentRegion = en;
			hasScannedForEncodings = 0;
			knownRegions = (
				en,
				Base,
			);
			mainGroup = 1D33B3A4294575E500D5BD45;
			packageReferences = (
				1DD94C59294E2A4B00AD8AC0 /* XCRemoteSwiftPackageReference "firebase-ios-sdk" */,
			);
			productRefGroup = 1D33B3AE294575E500D5BD45 /* Products */;
			projectDirPath = "";
			projectRoot = "";
			targets = (
				1D33B3AC294575E500D5BD45 /* Akmelha */,
			);
		};
/* End PBXProject section */

/* Begin PBXResourcesBuildPhase section */
		1D33B3AB294575E500D5BD45 /* Resources */ = {
			isa = PBXResourcesBuildPhase;
			buildActionMask = 2147483647;
			files = (
				1DD94C58294E298500AD8AC0 /* GoogleService-Info.plist in Resources */,
				1D33B3B8294575E800D5BD45 /* Preview Assets.xcassets in Resources */,
				1D33B3B5294575E800D5BD45 /* Assets.xcassets in Resources */,
			);
			runOnlyForDeploymentPostprocessing = 0;
		};
/* End PBXResourcesBuildPhase section */

/* Begin PBXSourcesBuildPhase section */
		1D33B3A9294575E500D5BD45 /* Sources */ = {
			isa = PBXSourcesBuildPhase;
			buildActionMask = 2147483647;
			files = (
				1D33B3CD294576F600D5BD45 /* TeacherReviews.swift in Sources */,
				07719D32294C42B20039707A /* SignUP.swift in Sources */,
				1DD94C6D294E346400AD8AC0 /* SwiftUIView.swift in Sources */,
				07A4682D294F0E60000A9B6A /* ResetPassword.swift in Sources */,
				5B05D70E2950BCE5004BE379 /* subjectList.swift in Sources */,
				5B05D71B2950E6DC004BE379 /* StudentCourseView.swift in Sources */,
				1D33B3C12945765000D5BD45 /* TeacherTabBar.swift in Sources */,
				1DD94C56294E293300AD8AC0 /* EventDB.swift in Sources */,
				5BDEE08F294E62AE006122DB /* Date.swift in Sources */,
				5B05D71D2950E6F6004BE379 /* StudentTaskView.swift in Sources */,
				1D33B3CB294576EB00D5BD45 /* TeacherTasks.swift in Sources */,
				1D33B3C32945766600D5BD45 /* TeacherSubjects.swift in Sources */,
				5BDEE097294E6367006122DB /* calendarView.swift in Sources */,
				5B05D7192950E6BE004BE379 /* StudentCalendarView.swift in Sources */,
				07E0992129520C0500BE248A /* UserType.swift in Sources */,
				1D33B3C72945768100D5BD45 /* TeacherCards.swift in Sources */,
				1D33B3D32945774200D5BD45 /* PickerView.swift in Sources */,
				1D33B3C9294576D500D5BD45 /* InsideTeacherSubject.swift in Sources */,
				1DD94C4D294E28AA00AD8AC0 /* Event.swift in Sources */,
				5B59C762295257D100F33DB0 /* TaskStatus.swift in Sources */,
				5B05D7112950E3B6004BE379 /* StudentTabBar.swift in Sources */,
				1DD94C4B294E289200AD8AC0 /* Course.swift in Sources */,
				5B05D7232950F898004BE379 /* EventListStudent.swift in Sources */,
				5BDEE099294E63AB006122DB /* EventList.swift in Sources */,
				5B05D7172950E683004BE379 /* StudentGameView.swift in Sources */,
				1DD94C52294E28FB00AD8AC0 /* CourseTaskDB.swift in Sources */,
				1DD94C4F294E28C200AD8AC0 /* CardScore.swift in Sources */,
				1DD94C54294E291600AD8AC0 /* CourseDB.swift in Sources */,
				07719D30294C428A0039707A /* logIN.swift in Sources */,
				5B05D71F2950EF43004BE379 /* TeacherProfile.swift in Sources */,
				1D33B3C52945767700D5BD45 /* TeacherCalendar.swift in Sources */,
				5BDEE09B294E63CF006122DB /* DaysEvent.swift in Sources */,
				1D33B3B1294575E500D5BD45 /* AkmelhaApp.swift in Sources */,
				1DD94C49294E287100AD8AC0 /* CourseTask.swift in Sources */,
				07719D2E294C42530039707A /* WelcomePage.swift in Sources */,
				1D33B3CF2945770C00D5BD45 /* AboutTeacherSubject.swift in Sources */,
				5B59C76029522BC100F33DB0 /* insideTeacherReviews.swift in Sources */,
				1D33B3D12945773600D5BD45 /* TextView.swift in Sources */,
				95923A1C2951BC7E00385ABA /* StudentProfile.swift in Sources */,
				5B05D7252950F9E2004BE379 /* DaysEventStudent.swift in Sources */,
			);
			runOnlyForDeploymentPostprocessing = 0;
		};
/* End PBXSourcesBuildPhase section */

/* Begin XCBuildConfiguration section */
		1D33B3B9294575E800D5BD45 /* Debug */ = {
			isa = XCBuildConfiguration;
			buildSettings = {
				ALWAYS_SEARCH_USER_PATHS = NO;
				CLANG_ANALYZER_NONNULL = YES;
				CLANG_ANALYZER_NUMBER_OBJECT_CONVERSION = YES_AGGRESSIVE;
				CLANG_CXX_LANGUAGE_STANDARD = "gnu++17";
				CLANG_CXX_LIBRARY = "libc++";
				CLANG_ENABLE_MODULES = YES;
				CLANG_ENABLE_OBJC_ARC = YES;
				CLANG_ENABLE_OBJC_WEAK = YES;
				CLANG_WARN_BLOCK_CAPTURE_AUTORELEASING = YES;
				CLANG_WARN_BOOL_CONVERSION = YES;
				CLANG_WARN_COMMA = YES;
				CLANG_WARN_CONSTANT_CONVERSION = YES;
				CLANG_WARN_DEPRECATED_OBJC_IMPLEMENTATIONS = YES;
				CLANG_WARN_DIRECT_OBJC_ISA_USAGE = YES_ERROR;
				CLANG_WARN_DOCUMENTATION_COMMENTS = YES;
				CLANG_WARN_EMPTY_BODY = YES;
				CLANG_WARN_ENUM_CONVERSION = YES;
				CLANG_WARN_INFINITE_RECURSION = YES;
				CLANG_WARN_INT_CONVERSION = YES;
				CLANG_WARN_NON_LITERAL_NULL_CONVERSION = YES;
				CLANG_WARN_OBJC_IMPLICIT_RETAIN_SELF = YES;
				CLANG_WARN_OBJC_LITERAL_CONVERSION = YES;
				CLANG_WARN_OBJC_ROOT_CLASS = YES_ERROR;
				CLANG_WARN_QUOTED_INCLUDE_IN_FRAMEWORK_HEADER = YES;
				CLANG_WARN_RANGE_LOOP_ANALYSIS = YES;
				CLANG_WARN_STRICT_PROTOTYPES = YES;
				CLANG_WARN_SUSPICIOUS_MOVE = YES;
				CLANG_WARN_UNGUARDED_AVAILABILITY = YES_AGGRESSIVE;
				CLANG_WARN_UNREACHABLE_CODE = YES;
				CLANG_WARN__DUPLICATE_METHOD_MATCH = YES;
				COPY_PHASE_STRIP = NO;
				DEBUG_INFORMATION_FORMAT = dwarf;
				ENABLE_STRICT_OBJC_MSGSEND = YES;
				ENABLE_TESTABILITY = YES;
				GCC_C_LANGUAGE_STANDARD = gnu11;
				GCC_DYNAMIC_NO_PIC = NO;
				GCC_NO_COMMON_BLOCKS = YES;
				GCC_OPTIMIZATION_LEVEL = 0;
				GCC_PREPROCESSOR_DEFINITIONS = (
					"DEBUG=1",
					"$(inherited)",
				);
				GCC_WARN_64_TO_32_BIT_CONVERSION = YES;
				GCC_WARN_ABOUT_RETURN_TYPE = YES_ERROR;
				GCC_WARN_UNDECLARED_SELECTOR = YES;
				GCC_WARN_UNINITIALIZED_AUTOS = YES_AGGRESSIVE;
				GCC_WARN_UNUSED_FUNCTION = YES;
				GCC_WARN_UNUSED_VARIABLE = YES;
				IPHONEOS_DEPLOYMENT_TARGET = 15.2;
				MTL_ENABLE_DEBUG_INFO = INCLUDE_SOURCE;
				MTL_FAST_MATH = YES;
				ONLY_ACTIVE_ARCH = YES;
				SDKROOT = iphoneos;
				SWIFT_ACTIVE_COMPILATION_CONDITIONS = DEBUG;
				SWIFT_OPTIMIZATION_LEVEL = "-Onone";
			};
			name = Debug;
		};
		1D33B3BA294575E800D5BD45 /* Release */ = {
			isa = XCBuildConfiguration;
			buildSettings = {
				ALWAYS_SEARCH_USER_PATHS = NO;
				CLANG_ANALYZER_NONNULL = YES;
				CLANG_ANALYZER_NUMBER_OBJECT_CONVERSION = YES_AGGRESSIVE;
				CLANG_CXX_LANGUAGE_STANDARD = "gnu++17";
				CLANG_CXX_LIBRARY = "libc++";
				CLANG_ENABLE_MODULES = YES;
				CLANG_ENABLE_OBJC_ARC = YES;
				CLANG_ENABLE_OBJC_WEAK = YES;
				CLANG_WARN_BLOCK_CAPTURE_AUTORELEASING = YES;
				CLANG_WARN_BOOL_CONVERSION = YES;
				CLANG_WARN_COMMA = YES;
				CLANG_WARN_CONSTANT_CONVERSION = YES;
				CLANG_WARN_DEPRECATED_OBJC_IMPLEMENTATIONS = YES;
				CLANG_WARN_DIRECT_OBJC_ISA_USAGE = YES_ERROR;
				CLANG_WARN_DOCUMENTATION_COMMENTS = YES;
				CLANG_WARN_EMPTY_BODY = YES;
				CLANG_WARN_ENUM_CONVERSION = YES;
				CLANG_WARN_INFINITE_RECURSION = YES;
				CLANG_WARN_INT_CONVERSION = YES;
				CLANG_WARN_NON_LITERAL_NULL_CONVERSION = YES;
				CLANG_WARN_OBJC_IMPLICIT_RETAIN_SELF = YES;
				CLANG_WARN_OBJC_LITERAL_CONVERSION = YES;
				CLANG_WARN_OBJC_ROOT_CLASS = YES_ERROR;
				CLANG_WARN_QUOTED_INCLUDE_IN_FRAMEWORK_HEADER = YES;
				CLANG_WARN_RANGE_LOOP_ANALYSIS = YES;
				CLANG_WARN_STRICT_PROTOTYPES = YES;
				CLANG_WARN_SUSPICIOUS_MOVE = YES;
				CLANG_WARN_UNGUARDED_AVAILABILITY = YES_AGGRESSIVE;
				CLANG_WARN_UNREACHABLE_CODE = YES;
				CLANG_WARN__DUPLICATE_METHOD_MATCH = YES;
				COPY_PHASE_STRIP = NO;
				DEBUG_INFORMATION_FORMAT = "dwarf-with-dsym";
				ENABLE_NS_ASSERTIONS = NO;
				ENABLE_STRICT_OBJC_MSGSEND = YES;
				GCC_C_LANGUAGE_STANDARD = gnu11;
				GCC_NO_COMMON_BLOCKS = YES;
				GCC_WARN_64_TO_32_BIT_CONVERSION = YES;
				GCC_WARN_ABOUT_RETURN_TYPE = YES_ERROR;
				GCC_WARN_UNDECLARED_SELECTOR = YES;
				GCC_WARN_UNINITIALIZED_AUTOS = YES_AGGRESSIVE;
				GCC_WARN_UNUSED_FUNCTION = YES;
				GCC_WARN_UNUSED_VARIABLE = YES;
				IPHONEOS_DEPLOYMENT_TARGET = 15.2;
				MTL_ENABLE_DEBUG_INFO = NO;
				MTL_FAST_MATH = YES;
				SDKROOT = iphoneos;
				SWIFT_COMPILATION_MODE = wholemodule;
				SWIFT_OPTIMIZATION_LEVEL = "-O";
				VALIDATE_PRODUCT = YES;
			};
			name = Release;
		};
		1D33B3BC294575E800D5BD45 /* Debug */ = {
			isa = XCBuildConfiguration;
			buildSettings = {
				ASSETCATALOG_COMPILER_APPICON_NAME = AppIcon;
				ASSETCATALOG_COMPILER_GLOBAL_ACCENT_COLOR_NAME = AccentColor;
				CODE_SIGN_STYLE = Automatic;
				CURRENT_PROJECT_VERSION = 1;
				DEVELOPMENT_ASSET_PATHS = "\"Akmelha/Preview Content\"";
				DEVELOPMENT_TEAM = 36Z9V6BZRF;
				ENABLE_PREVIEWS = YES;
				GENERATE_INFOPLIST_FILE = YES;
				INFOPLIST_KEY_UIApplicationSceneManifest_Generation = YES;
				INFOPLIST_KEY_UIApplicationSupportsIndirectInputEvents = YES;
				INFOPLIST_KEY_UILaunchScreen_Generation = YES;
				INFOPLIST_KEY_UISupportedInterfaceOrientations_iPad = "UIInterfaceOrientationPortrait UIInterfaceOrientationPortraitUpsideDown UIInterfaceOrientationLandscapeLeft UIInterfaceOrientationLandscapeRight";
				INFOPLIST_KEY_UISupportedInterfaceOrientations_iPhone = "UIInterfaceOrientationPortrait UIInterfaceOrientationLandscapeLeft UIInterfaceOrientationLandscapeRight";
				IPHONEOS_DEPLOYMENT_TARGET = 16.1;
				LD_RUNPATH_SEARCH_PATHS = (
					"$(inherited)",
					"@executable_path/Frameworks",
				);
				MARKETING_VERSION = 1.0;
				PRODUCT_BUNDLE_IDENTIFIER = sa.edu.com.Danya.Akmelha;
				PRODUCT_NAME = "$(TARGET_NAME)";
				SWIFT_EMIT_LOC_STRINGS = YES;
				SWIFT_VERSION = 5.0;
				TARGETED_DEVICE_FAMILY = "1,2";
			};
			name = Debug;
		};
		1D33B3BD294575E800D5BD45 /* Release */ = {
			isa = XCBuildConfiguration;
			buildSettings = {
				ASSETCATALOG_COMPILER_APPICON_NAME = AppIcon;
				ASSETCATALOG_COMPILER_GLOBAL_ACCENT_COLOR_NAME = AccentColor;
				CODE_SIGN_STYLE = Automatic;
				CURRENT_PROJECT_VERSION = 1;
				DEVELOPMENT_ASSET_PATHS = "\"Akmelha/Preview Content\"";
				DEVELOPMENT_TEAM = 36Z9V6BZRF;
				ENABLE_PREVIEWS = YES;
				GENERATE_INFOPLIST_FILE = YES;
				INFOPLIST_KEY_UIApplicationSceneManifest_Generation = YES;
				INFOPLIST_KEY_UIApplicationSupportsIndirectInputEvents = YES;
				INFOPLIST_KEY_UILaunchScreen_Generation = YES;
				INFOPLIST_KEY_UISupportedInterfaceOrientations_iPad = "UIInterfaceOrientationPortrait UIInterfaceOrientationPortraitUpsideDown UIInterfaceOrientationLandscapeLeft UIInterfaceOrientationLandscapeRight";
				INFOPLIST_KEY_UISupportedInterfaceOrientations_iPhone = "UIInterfaceOrientationPortrait UIInterfaceOrientationLandscapeLeft UIInterfaceOrientationLandscapeRight";
				IPHONEOS_DEPLOYMENT_TARGET = 16.1;
				LD_RUNPATH_SEARCH_PATHS = (
					"$(inherited)",
					"@executable_path/Frameworks",
				);
				MARKETING_VERSION = 1.0;
				PRODUCT_BUNDLE_IDENTIFIER = sa.edu.com.Danya.Akmelha;
				PRODUCT_NAME = "$(TARGET_NAME)";
				SWIFT_EMIT_LOC_STRINGS = YES;
				SWIFT_VERSION = 5.0;
				TARGETED_DEVICE_FAMILY = "1,2";
			};
			name = Release;
		};
/* End XCBuildConfiguration section */

/* Begin XCConfigurationList section */
		1D33B3A8294575E500D5BD45 /* Build configuration list for PBXProject "Akmelha" */ = {
			isa = XCConfigurationList;
			buildConfigurations = (
				1D33B3B9294575E800D5BD45 /* Debug */,
				1D33B3BA294575E800D5BD45 /* Release */,
			);
			defaultConfigurationIsVisible = 0;
			defaultConfigurationName = Release;
		};
		1D33B3BB294575E800D5BD45 /* Build configuration list for PBXNativeTarget "Akmelha" */ = {
			isa = XCConfigurationList;
			buildConfigurations = (
				1D33B3BC294575E800D5BD45 /* Debug */,
				1D33B3BD294575E800D5BD45 /* Release */,
			);
			defaultConfigurationIsVisible = 0;
			defaultConfigurationName = Release;
		};
/* End XCConfigurationList section */

/* Begin XCRemoteSwiftPackageReference section */
		1DD94C59294E2A4B00AD8AC0 /* XCRemoteSwiftPackageReference "firebase-ios-sdk" */ = {
			isa = XCRemoteSwiftPackageReference;
			repositoryURL = "https://github.com/firebase/firebase-ios-sdk";
			requirement = {
				branch = master;
				kind = branch;
			};
		};
/* End XCRemoteSwiftPackageReference section */

/* Begin XCSwiftPackageProductDependency section */
		1DD94C5A294E2A4B00AD8AC0 /* FirebaseAuth */ = {
			isa = XCSwiftPackageProductDependency;
			package = 1DD94C59294E2A4B00AD8AC0 /* XCRemoteSwiftPackageReference "firebase-ios-sdk" */;
			productName = FirebaseAuth;
		};
		1DD94C5C294E2A4B00AD8AC0 /* FirebaseAuthCombine-Community */ = {
			isa = XCSwiftPackageProductDependency;
			package = 1DD94C59294E2A4B00AD8AC0 /* XCRemoteSwiftPackageReference "firebase-ios-sdk" */;
			productName = "FirebaseAuthCombine-Community";
		};
		1DD94C5E294E2A4B00AD8AC0 /* FirebaseDatabase */ = {
			isa = XCSwiftPackageProductDependency;
			package = 1DD94C59294E2A4B00AD8AC0 /* XCRemoteSwiftPackageReference "firebase-ios-sdk" */;
			productName = FirebaseDatabase;
		};
		1DD94C60294E2A4B00AD8AC0 /* FirebaseDatabaseSwift */ = {
			isa = XCSwiftPackageProductDependency;
			package = 1DD94C59294E2A4B00AD8AC0 /* XCRemoteSwiftPackageReference "firebase-ios-sdk" */;
			productName = FirebaseDatabaseSwift;
		};
		1DD94C62294E2A4B00AD8AC0 /* FirebaseFirestore */ = {
			isa = XCSwiftPackageProductDependency;
			package = 1DD94C59294E2A4B00AD8AC0 /* XCRemoteSwiftPackageReference "firebase-ios-sdk" */;
			productName = FirebaseFirestore;
		};
		1DD94C64294E2A4B00AD8AC0 /* FirebaseFirestoreCombine-Community */ = {
			isa = XCSwiftPackageProductDependency;
			package = 1DD94C59294E2A4B00AD8AC0 /* XCRemoteSwiftPackageReference "firebase-ios-sdk" */;
			productName = "FirebaseFirestoreCombine-Community";
		};
		1DD94C66294E2A4B00AD8AC0 /* FirebaseFirestoreSwift */ = {
			isa = XCSwiftPackageProductDependency;
			package = 1DD94C59294E2A4B00AD8AC0 /* XCRemoteSwiftPackageReference "firebase-ios-sdk" */;
			productName = FirebaseFirestoreSwift;
		};
		1DD94C68294E2A4B00AD8AC0 /* FirebaseFunctions */ = {
			isa = XCSwiftPackageProductDependency;
			package = 1DD94C59294E2A4B00AD8AC0 /* XCRemoteSwiftPackageReference "firebase-ios-sdk" */;
			productName = FirebaseFunctions;
		};
		1DD94C6A294E2A4B00AD8AC0 /* FirebaseStorage */ = {
			isa = XCSwiftPackageProductDependency;
			package = 1DD94C59294E2A4B00AD8AC0 /* XCRemoteSwiftPackageReference "firebase-ios-sdk" */;
			productName = FirebaseStorage;
		};
/* End XCSwiftPackageProductDependency section */
	};
	rootObject = 1D33B3A5294575E500D5BD45 /* Project object */;
}
